// !$*UTF8*$!
{
	archiveVersion = 1;
	classes = {
	};
	objectVersion = 46;
	objects = {

/* Begin PBXBuildFile section */
		57B42D181BF1826400A4E3ED /* AppDelegate.swift in Sources */ = {isa = PBXBuildFile; fileRef = 57B42D171BF1826400A4E3ED /* AppDelegate.swift */; };
		57B42D1A1BF1826400A4E3ED /* ViewController.swift in Sources */ = {isa = PBXBuildFile; fileRef = 57B42D191BF1826400A4E3ED /* ViewController.swift */; };
		57B42D1D1BF1826400A4E3ED /* Main.storyboard in Resources */ = {isa = PBXBuildFile; fileRef = 57B42D1B1BF1826400A4E3ED /* Main.storyboard */; };
		57B42D1F1BF1826400A4E3ED /* Assets.xcassets in Resources */ = {isa = PBXBuildFile; fileRef = 57B42D1E1BF1826400A4E3ED /* Assets.xcassets */; };
		57B42D221BF1826400A4E3ED /* LaunchScreen.storyboard in Resources */ = {isa = PBXBuildFile; fileRef = 57B42D201BF1826400A4E3ED /* LaunchScreen.storyboard */; };
		57B42D2A1BF1828B00A4E3ED /* studentsDictionary.plist in Resources */ = {isa = PBXBuildFile; fileRef = 57B42D291BF1828B00A4E3ED /* studentsDictionary.plist */; };
/* End PBXBuildFile section */

/* Begin PBXFileReference section */
		57B42D141BF1826400A4E3ED /* Students.app */ = {isa = PBXFileReference; explicitFileType = wrapper.application; includeInIndex = 0; path = Students.app; sourceTree = BUILT_PRODUCTS_DIR; };
		57B42D171BF1826400A4E3ED /* AppDelegate.swift */ = {isa = PBXFileReference; lastKnownFileType = sourcecode.swift; path = AppDelegate.swift; sourceTree = "<group>"; };
		57B42D191BF1826400A4E3ED /* ViewController.swift */ = {isa = PBXFileReference; lastKnownFileType = sourcecode.swift; path = ViewController.swift; sourceTree = "<group>"; };
		57B42D1C1BF1826400A4E3ED /* Base */ = {isa = PBXFileReference; lastKnownFileType = file.storyboard; name = Base; path = Base.lproj/Main.storyboard; sourceTree = "<group>"; };
		57B42D1E1BF1826400A4E3ED /* Assets.xcassets */ = {isa = PBXFileReference; lastKnownFileType = folder.assetcatalog; path = Assets.xcassets; sourceTree = "<group>"; };
		57B42D211BF1826400A4E3ED /* Base */ = {isa = PBXFileReference; lastKnownFileType = file.storyboard; name = Base; path = Base.lproj/LaunchScreen.storyboard; sourceTree = "<group>"; };
		57B42D231BF1826400A4E3ED /* Info.plist */ = {isa = PBXFileReference; lastKnownFileType = text.plist.xml; path = Info.plist; sourceTree = "<group>"; };
		57B42D291BF1828B00A4E3ED /* studentsDictionary.plist */ = {isa = PBXFileReference; fileEncoding = 4; lastKnownFileType = text.plist.xml; path = studentsDictionary.plist; sourceTree = "<group>"; };
/* End PBXFileReference section */

/* Begin PBXFrameworksBuildPhase section */
		57B42D111BF1826400A4E3ED /* Frameworks */ = {
			isa = PBXFrameworksBuildPhase;
			buildActionMask = 2147483647;
			files = (
			);
			runOnlyForDeploymentPostprocessing = 0;
		};
/* End PBXFrameworksBuildPhase section */

/* Begin PBXGroup section */
		57B42D0B1BF1826400A4E3ED = {
			isa = PBXGroup;
			children = (
				57B42D161BF1826400A4E3ED /* Students */,
				57B42D151BF1826400A4E3ED /* Products */,
			);
			sourceTree = "<group>";
		};
		57B42D151BF1826400A4E3ED /* Products */ = {
			isa = PBXGroup;
			children = (
				57B42D141BF1826400A4E3ED /* Students.app */,
			);
			name = Products;
			sourceTree = "<group>";
		};
		57B42D161BF1826400A4E3ED /* Students */ = {
			isa = PBXGroup;
			children = (
				57B42D171BF1826400A4E3ED /* AppDelegate.swift */,
				57B42D191BF1826400A4E3ED /* ViewController.swift */,
				57B42D291BF1828B00A4E3ED /* studentsDictionary.plist */,
				57B42D1B1BF1826400A4E3ED /* Main.storyboard */,
				57B42D1E1BF1826400A4E3ED /* Assets.xcassets */,
				57B42D201BF1826400A4E3ED /* LaunchScreen.storyboard */,
				57B42D231BF1826400A4E3ED /* Info.plist */,
			);
			path = Students;
			sourceTree = "<group>";
		};
/* End PBXGroup section */

/* Begin PBXNativeTarget section */
		57B42D131BF1826400A4E3ED /* Students */ = {
			isa = PBXNativeTarget;
			buildConfigurationList = 57B42D261BF1826400A4E3ED /* Build configuration list for PBXNativeTarget "Students" */;
			buildPhases = (
				57B42D101BF1826400A4E3ED /* Sources */,
				57B42D111BF1826400A4E3ED /* Frameworks */,
				57B42D121BF1826400A4E3ED /* Resources */,
			);
			buildRules = (
			);
			dependencies = (
			);
			name = Students;
			productName = Students;
			productReference = 57B42D141BF1826400A4E3ED /* Students.app */;
			productType = "com.apple.product-type.application";
		};
/* End PBXNativeTarget section */

/* Begin PBXProject section */
		57B42D0C1BF1826400A4E3ED /* Project object */ = {
			isa = PBXProject;
			attributes = {
				LastSwiftUpdateCheck = 0710;
				LastUpgradeCheck = 0710;
				ORGANIZATIONNAME = "Cobo, Javier";
				TargetAttributes = {
					57B42D131BF1826400A4E3ED = {
						CreatedOnToolsVersion = 7.1;
						DevelopmentTeam = 2LR357K25N;
					};
				};
			};
			buildConfigurationList = 57B42D0F1BF1826400A4E3ED /* Build configuration list for PBXProject "Students" */;
			compatibilityVersion = "Xcode 3.2";
			developmentRegion = English;
			hasScannedForEncodings = 0;
			knownRegions = (
				en,
				Base,
			);
			mainGroup = 57B42D0B1BF1826400A4E3ED;
			productRefGroup = 57B42D151BF1826400A4E3ED /* Products */;
			projectDirPath = "";
			projectRoot = "";
			targets = (
				57B42D131BF1826400A4E3ED /* Students */,
			);
		};
/* End PBXProject section */

/* Begin PBXResourcesBuildPhase section */
		57B42D121BF1826400A4E3ED /* Resources */ = {
			isa = PBXResourcesBuildPhase;
			buildActionMask = 2147483647;
			files = (
				57B42D221BF1826400A4E3ED /* LaunchScreen.storyboard in Resources */,
				57B42D1F1BF1826400A4E3ED /* Assets.xcassets in Resources */,
				57B42D2A1BF1828B00A4E3ED /* studentsDictionary.plist in Resources */,
				57B42D1D1BF1826400A4E3ED /* Main.storyboard in Resources */,
			);
			runOnlyForDeploymentPostprocessing = 0;
		};
/* End PBXResourcesBuildPhase section */

/* Begin PBXSourcesBuildPhase section */
		57B42D101BF1826400A4E3ED /* Sources */ = {
			isa = PBXSourcesBuildPhase;
			buildActionMask = 2147483647;
			files = (
				57B42D1A1BF1826400A4E3ED /* ViewController.swift in Sources */,
				57B42D181BF1826400A4E3ED /* AppDelegate.swift in Sources */,
			);
			runOnlyForDeploymentPostprocessing = 0;
		};
/* End PBXSourcesBuildPhase section */

/* Begin PBXVariantGroup section */
		57B42D1B1BF1826400A4E3ED /* Main.storyboard */ = {
			isa = PBXVariantGroup;
			children = (
				57B42D1C1BF1826400A4E3ED /* Base */,
			);
			name = Main.storyboard;
			sourceTree = "<group>";
		};
		57B42D201BF1826400A4E3ED /* LaunchScreen.storyboard */ = {
			isa = PBXVariantGroup;
			children = (
				57B42D211BF1826400A4E3ED /* Base */,
			);
			name = LaunchScreen.storyboard;
			sourceTree = "<group>";
		};
/* End PBXVariantGroup section */

/* Begin XCBuildConfiguration section */
		57B42D241BF1826400A4E3ED /* Debug */ = {
			isa = XCBuildConfiguration;
			buildSettings = {
				ALWAYS_SEARCH_USER_PATHS = NO;
				CLANG_CXX_LANGUAGE_STANDARD = "gnu++0x";
				CLANG_CXX_LIBRARY = "libc++";
				CLANG_ENABLE_MODULES = YES;
				CLANG_ENABLE_OBJC_ARC = YES;
				CLANG_WARN_BOOL_CONVERSION = YES;
				CLANG_WARN_CONSTANT_CONVERSION = YES;
				CLANG_WARN_DIRECT_OBJC_ISA_USAGE = YES_ERROR;
				CLANG_WARN_EMPTY_BODY = YES;
				CLANG_WARN_ENUM_CONVERSION = YES;
				CLANG_WARN_INT_CONVERSION = YES;
				CLANG_WARN_OBJC_ROOT_CLASS = YES_ERROR;
				CLANG_WARN_UNREACHABLE_CODE = YES;
				CLANG_WARN__DUPLICATE_METHOD_MATCH = YES;
				"CODE_SIGN_IDENTITY[sdk=iphoneos*]" = "iPhone Developer";
				COPY_PHASE_STRIP = NO;
				DEBUG_INFORMATION_FORMAT = dwarf;
				ENABLE_STRICT_OBJC_MSGSEND = YES;
				ENABLE_TESTABILITY = YES;
				GCC_C_LANGUAGE_STANDARD = gnu99;
				GCC_DYNAMIC_NO_PIC = NO;
				GCC_NO_COMMON_BLOCKS = YES;
				GCC_OPTIMIZATION_LEVEL = 0;
				GCC_PREPROCESSOR_DEFINITIONS = (
					"DEBUG=1",
					"$(inherited)",
				);
				GCC_WARN_64_TO_32_BIT_CONVERSION = YES;
				GCC_WARN_ABOUT_RETURN_TYPE = YES_ERROR;
				GCC_WARN_UNDECLARED_SELECTOR = YES;
				GCC_WARN_UNINITIALIZED_AUTOS = YES_AGGRESSIVE;
				GCC_WARN_UNUSED_FUNCTION = YES;
				GCC_WARN_UNUSED_VARIABLE = YES;
				IPHONEOS_DEPLOYMENT_TARGET = 9.1;
				MTL_ENABLE_DEBUG_INFO = YES;
				ONLY_ACTIVE_ARCH = YES;
				SDKROOT = iphoneos;
				SWIFT_OPTIMIZATION_LEVEL = "-Onone";
				TARGETED_DEVICE_FAMILY = "1,2";
			};
			name = Debug;
		};
		57B42D251BF1826400A4E3ED /* Release */ = {
			isa = XCBuildConfiguration;
			buildSettings = {
				ALWAYS_SEARCH_USER_PATHS = NO;
				CLANG_CXX_LANGUAGE_STANDARD = "gnu++0x";
				CLANG_CXX_LIBRARY = "libc++";
				CLANG_ENABLE_MODULES = YES;
				CLANG_ENABLE_OBJC_ARC = YES;
				CLANG_WARN_BOOL_CONVERSION = YES;
				CLANG_WARN_CONSTANT_CONVERSION = YES;
				CLANG_WARN_DIRECT_OBJC_ISA_USAGE = YES_ERROR;
				CLANG_WARN_EMPTY_BODY = YES;
				CLANG_WARN_ENUM_CONVERSION = YES;
				CLANG_WARN_INT_CONVERSION = YES;
				CLANG_WARN_OBJC_ROOT_CLASS = YES_ERROR;
				CLANG_WARN_UNREACHABLE_CODE = YES;
				CLANG_WARN__DUPLICATE_METHOD_MATCH = YES;
				"CODE_SIGN_IDENTITY[sdk=iphoneos*]" = "iPhone Developer";
				COPY_PHASE_STRIP = NO;
				DEBUG_INFORMATION_FORMAT = "dwarf-with-dsym";
				ENABLE_NS_ASSERTIONS = NO;
				ENABLE_STRICT_OBJC_MSGSEND = YES;
				GCC_C_LANGUAGE_STANDARD = gnu99;
				GCC_NO_COMMON_BLOCKS = YES;
				GCC_WARN_64_TO_32_BIT_CONVERSION = YES;
				GCC_WARN_ABOUT_RETURN_TYPE = YES_ERROR;
				GCC_WARN_UNDECLARED_SELECTOR = YES;
				GCC_WARN_UNINITIALIZED_AUTOS = YES_AGGRESSIVE;
				GCC_WARN_UNUSED_FUNCTION = YES;
				GCC_WARN_UNUSED_VARIABLE = YES;
				IPHONEOS_DEPLOYMENT_TARGET = 9.1;
				MTL_ENABLE_DEBUG_INFO = NO;
				SDKROOT = iphoneos;
				TARGETED_DEVICE_FAMILY = "1,2";
				VALIDATE_PRODUCT = YES;
			};
			name = Release;
		};
		57B42D271BF1826400A4E3ED /* Debug */ = {
			isa = XCBuildConfiguration;
			buildSettings = {
				ASSETCATALOG_COMPILER_APPICON_NAME = AppIcon;
				INFOPLIST_FILE = Students/Info.plist;
				LD_RUNPATH_SEARCH_PATHS = "$(inherited) @executable_path/Frameworks";
				PRODUCT_BUNDLE_IDENTIFIER = com.cofrewards.Students;
				PRODUCT_NAME = "$(TARGET_NAME)";
			};
			name = Debug;
		};
		57B42D281BF1826400A4E3ED /* Release */ = {
			isa = XCBuildConfiguration;
			buildSettings = {
				ASSETCATALOG_COMPILER_APPICON_NAME = AppIcon;
				INFOPLIST_FILE = Students/Info.plist;
				LD_RUNPATH_SEARCH_PATHS = "$(inherited) @executable_path/Frameworks";
				PRODUCT_BUNDLE_IDENTIFIER = com.cofrewards.Students;
				PRODUCT_NAME = "$(TARGET_NAME)";
			};
			name = Release;
		};
/* End XCBuildConfiguration section */

/* Begin XCConfigurationList section */
		57B42D0F1BF1826400A4E3ED /* Build configuration list for PBXProject "Students" */ = {
			isa = XCConfigurationList;
			buildConfigurations = (
				57B42D241BF1826400A4E3ED /* Debug */,
				57B42D251BF1826400A4E3ED /* Release */,
			);
			defaultConfigurationIsVisible = 0;
			defaultConfigurationName = Release;
		};
		57B42D261BF1826400A4E3ED /* Build configuration list for PBXNativeTarget "Students" */ = {
			isa = XCConfigurationList;
			buildConfigurations = (
				57B42D271BF1826400A4E3ED /* Debug */,
				57B42D281BF1826400A4E3ED /* Release */,
			);
			defaultConfigurationIsVisible = 0;
		};
/* End XCConfigurationList section */
	};
	rootObject = 57B42D0C1BF1826400A4E3ED /* Project object */;
}
