// !$*UTF8*$!
{
	archiveVersion = 1;
	classes = {
	};
	objectVersion = 46;
	objects = {

/* Begin PBXBuildFile section */
		57AC742D1BBCA896003B18A4 /* AppDelegate.swift in Sources */ = {isa = PBXBuildFile; fileRef = 57AC742C1BBCA896003B18A4 /* AppDelegate.swift */; };
		57AC742F1BBCA896003B18A4 /* ViewController.swift in Sources */ = {isa = PBXBuildFile; fileRef = 57AC742E1BBCA896003B18A4 /* ViewController.swift */; };
		57AC74321BBCA896003B18A4 /* Main.storyboard in Resources */ = {isa = PBXBuildFile; fileRef = 57AC74301BBCA896003B18A4 /* Main.storyboard */; };
		57AC74341BBCA896003B18A4 /* Images.xcassets in Resources */ = {isa = PBXBuildFile; fileRef = 57AC74331BBCA896003B18A4 /* Images.xcassets */; };
		57AC74371BBCA896003B18A4 /* LaunchScreen.xib in Resources */ = {isa = PBXBuildFile; fileRef = 57AC74351BBCA896003B18A4 /* LaunchScreen.xib */; };
		57AC74431BBCA896003B18A4 /* NavControlDemo2Tests.swift in Sources */ = {isa = PBXBuildFile; fileRef = 57AC74421BBCA896003B18A4 /* NavControlDemo2Tests.swift */; };
		57AC744D1BBCADE9003B18A4 /* HelloNib.xib in Resources */ = {isa = PBXBuildFile; fileRef = 57AC744C1BBCADE9003B18A4 /* HelloNib.xib */; };
/* End PBXBuildFile section */

/* Begin PBXContainerItemProxy section */
		57AC743D1BBCA896003B18A4 /* PBXContainerItemProxy */ = {
			isa = PBXContainerItemProxy;
			containerPortal = 57AC741F1BBCA896003B18A4 /* Project object */;
			proxyType = 1;
			remoteGlobalIDString = 57AC74261BBCA896003B18A4;
			remoteInfo = NavControlDemo2;
		};
/* End PBXContainerItemProxy section */

/* Begin PBXFileReference section */
		57AC74271BBCA896003B18A4 /* NavControlDemo2.app */ = {isa = PBXFileReference; explicitFileType = wrapper.application; includeInIndex = 0; path = NavControlDemo2.app; sourceTree = BUILT_PRODUCTS_DIR; };
		57AC742B1BBCA896003B18A4 /* Info.plist */ = {isa = PBXFileReference; lastKnownFileType = text.plist.xml; path = Info.plist; sourceTree = "<group>"; };
		57AC742C1BBCA896003B18A4 /* AppDelegate.swift */ = {isa = PBXFileReference; lastKnownFileType = sourcecode.swift; path = AppDelegate.swift; sourceTree = "<group>"; };
		57AC742E1BBCA896003B18A4 /* ViewController.swift */ = {isa = PBXFileReference; lastKnownFileType = sourcecode.swift; path = ViewController.swift; sourceTree = "<group>"; };
		57AC74311BBCA896003B18A4 /* Base */ = {isa = PBXFileReference; lastKnownFileType = file.storyboard; name = Base; path = Base.lproj/Main.storyboard; sourceTree = "<group>"; };
		57AC74331BBCA896003B18A4 /* Images.xcassets */ = {isa = PBXFileReference; lastKnownFileType = folder.assetcatalog; path = Images.xcassets; sourceTree = "<group>"; };
		57AC74361BBCA896003B18A4 /* Base */ = {isa = PBXFileReference; lastKnownFileType = file.xib; name = Base; path = Base.lproj/LaunchScreen.xib; sourceTree = "<group>"; };
		57AC743C1BBCA896003B18A4 /* NavControlDemo2Tests.xctest */ = {isa = PBXFileReference; explicitFileType = wrapper.cfbundle; includeInIndex = 0; path = NavControlDemo2Tests.xctest; sourceTree = BUILT_PRODUCTS_DIR; };
		57AC74411BBCA896003B18A4 /* Info.plist */ = {isa = PBXFileReference; lastKnownFileType = text.plist.xml; path = Info.plist; sourceTree = "<group>"; };
		57AC74421BBCA896003B18A4 /* NavControlDemo2Tests.swift */ = {isa = PBXFileReference; lastKnownFileType = sourcecode.swift; path = NavControlDemo2Tests.swift; sourceTree = "<group>"; };
		57AC744C1BBCADE9003B18A4 /* HelloNib.xib */ = {isa = PBXFileReference; fileEncoding = 4; lastKnownFileType = file.xib; path = HelloNib.xib; sourceTree = "<group>"; };
/* End PBXFileReference section */

/* Begin PBXFrameworksBuildPhase section */
		57AC74241BBCA896003B18A4 /* Frameworks */ = {
			isa = PBXFrameworksBuildPhase;
			buildActionMask = 2147483647;
			files = (
			);
			runOnlyForDeploymentPostprocessing = 0;
		};
		57AC74391BBCA896003B18A4 /* Frameworks */ = {
			isa = PBXFrameworksBuildPhase;
			buildActionMask = 2147483647;
			files = (
			);
			runOnlyForDeploymentPostprocessing = 0;
		};
/* End PBXFrameworksBuildPhase section */

/* Begin PBXGroup section */
		57AC741E1BBCA896003B18A4 = {
			isa = PBXGroup;
			children = (
				57AC74291BBCA896003B18A4 /* NavControlDemo2 */,
				57AC743F1BBCA896003B18A4 /* NavControlDemo2Tests */,
				57AC74281BBCA896003B18A4 /* Products */,
			);
			sourceTree = "<group>";
		};
		57AC74281BBCA896003B18A4 /* Products */ = {
			isa = PBXGroup;
			children = (
				57AC74271BBCA896003B18A4 /* NavControlDemo2.app */,
				57AC743C1BBCA896003B18A4 /* NavControlDemo2Tests.xctest */,
			);
			name = Products;
			sourceTree = "<group>";
		};
		57AC74291BBCA896003B18A4 /* NavControlDemo2 */ = {
			isa = PBXGroup;
			children = (
				57AC742C1BBCA896003B18A4 /* AppDelegate.swift */,
				57AC742E1BBCA896003B18A4 /* ViewController.swift */,
				57AC74301BBCA896003B18A4 /* Main.storyboard */,
				57AC74331BBCA896003B18A4 /* Images.xcassets */,
				57AC74351BBCA896003B18A4 /* LaunchScreen.xib */,
				57AC742A1BBCA896003B18A4 /* Supporting Files */,
				57AC744C1BBCADE9003B18A4 /* HelloNib.xib */,
			);
			path = NavControlDemo2;
			sourceTree = "<group>";
		};
		57AC742A1BBCA896003B18A4 /* Supporting Files */ = {
			isa = PBXGroup;
			children = (
				57AC742B1BBCA896003B18A4 /* Info.plist */,
			);
			name = "Supporting Files";
			sourceTree = "<group>";
		};
		57AC743F1BBCA896003B18A4 /* NavControlDemo2Tests */ = {
			isa = PBXGroup;
			children = (
				57AC74421BBCA896003B18A4 /* NavControlDemo2Tests.swift */,
				57AC74401BBCA896003B18A4 /* Supporting Files */,
			);
			path = NavControlDemo2Tests;
			sourceTree = "<group>";
		};
		57AC74401BBCA896003B18A4 /* Supporting Files */ = {
			isa = PBXGroup;
			children = (
				57AC74411BBCA896003B18A4 /* Info.plist */,
			);
			name = "Supporting Files";
			sourceTree = "<group>";
		};
/* End PBXGroup section */

/* Begin PBXNativeTarget section */
		57AC74261BBCA896003B18A4 /* NavControlDemo2 */ = {
			isa = PBXNativeTarget;
			buildConfigurationList = 57AC74461BBCA896003B18A4 /* Build configuration list for PBXNativeTarget "NavControlDemo2" */;
			buildPhases = (
				57AC74231BBCA896003B18A4 /* Sources */,
				57AC74241BBCA896003B18A4 /* Frameworks */,
				57AC74251BBCA896003B18A4 /* Resources */,
			);
			buildRules = (
			);
			dependencies = (
			);
			name = NavControlDemo2;
			productName = NavControlDemo2;
			productReference = 57AC74271BBCA896003B18A4 /* NavControlDemo2.app */;
			productType = "com.apple.product-type.application";
		};
		57AC743B1BBCA896003B18A4 /* NavControlDemo2Tests */ = {
			isa = PBXNativeTarget;
			buildConfigurationList = 57AC74491BBCA896003B18A4 /* Build configuration list for PBXNativeTarget "NavControlDemo2Tests" */;
			buildPhases = (
				57AC74381BBCA896003B18A4 /* Sources */,
				57AC74391BBCA896003B18A4 /* Frameworks */,
				57AC743A1BBCA896003B18A4 /* Resources */,
			);
			buildRules = (
			);
			dependencies = (
				57AC743E1BBCA896003B18A4 /* PBXTargetDependency */,
			);
			name = NavControlDemo2Tests;
			productName = NavControlDemo2Tests;
			productReference = 57AC743C1BBCA896003B18A4 /* NavControlDemo2Tests.xctest */;
			productType = "com.apple.product-type.bundle.unit-test";
		};
/* End PBXNativeTarget section */

/* Begin PBXProject section */
		57AC741F1BBCA896003B18A4 /* Project object */ = {
			isa = PBXProject;
			attributes = {
				LastUpgradeCheck = 0640;
				ORGANIZATIONNAME = "Cobo, Javier";
				TargetAttributes = {
					57AC74261BBCA896003B18A4 = {
						CreatedOnToolsVersion = 6.4;
					};
					57AC743B1BBCA896003B18A4 = {
						CreatedOnToolsVersion = 6.4;
						TestTargetID = 57AC74261BBCA896003B18A4;
					};
				};
			};
			buildConfigurationList = 57AC74221BBCA896003B18A4 /* Build configuration list for PBXProject "NavControlDemo2" */;
			compatibilityVersion = "Xcode 3.2";
			developmentRegion = English;
			hasScannedForEncodings = 0;
			knownRegions = (
				en,
				Base,
			);
			mainGroup = 57AC741E1BBCA896003B18A4;
			productRefGroup = 57AC74281BBCA896003B18A4 /* Products */;
			projectDirPath = "";
			projectRoot = "";
			targets = (
				57AC74261BBCA896003B18A4 /* NavControlDemo2 */,
				57AC743B1BBCA896003B18A4 /* NavControlDemo2Tests */,
			);
		};
/* End PBXProject section */

/* Begin PBXResourcesBuildPhase section */
		57AC74251BBCA896003B18A4 /* Resources */ = {
			isa = PBXResourcesBuildPhase;
			buildActionMask = 2147483647;
			files = (
				57AC74321BBCA896003B18A4 /* Main.storyboard in Resources */,
				57AC74371BBCA896003B18A4 /* LaunchScreen.xib in Resources */,
				57AC744D1BBCADE9003B18A4 /* HelloNib.xib in Resources */,
				57AC74341BBCA896003B18A4 /* Images.xcassets in Resources */,
			);
			runOnlyForDeploymentPostprocessing = 0;
		};
		57AC743A1BBCA896003B18A4 /* Resources */ = {
			isa = PBXResourcesBuildPhase;
			buildActionMask = 2147483647;
			files = (
			);
			runOnlyForDeploymentPostprocessing = 0;
		};
/* End PBXResourcesBuildPhase section */

/* Begin PBXSourcesBuildPhase section */
		57AC74231BBCA896003B18A4 /* Sources */ = {
			isa = PBXSourcesBuildPhase;
			buildActionMask = 2147483647;
			files = (
				57AC742F1BBCA896003B18A4 /* ViewController.swift in Sources */,
				57AC742D1BBCA896003B18A4 /* AppDelegate.swift in Sources */,
			);
			runOnlyForDeploymentPostprocessing = 0;
		};
		57AC74381BBCA896003B18A4 /* Sources */ = {
			isa = PBXSourcesBuildPhase;
			buildActionMask = 2147483647;
			files = (
				57AC74431BBCA896003B18A4 /* NavControlDemo2Tests.swift in Sources */,
			);
			runOnlyForDeploymentPostprocessing = 0;
		};
/* End PBXSourcesBuildPhase section */

/* Begin PBXTargetDependency section */
		57AC743E1BBCA896003B18A4 /* PBXTargetDependency */ = {
			isa = PBXTargetDependency;
			target = 57AC74261BBCA896003B18A4 /* NavControlDemo2 */;
			targetProxy = 57AC743D1BBCA896003B18A4 /* PBXContainerItemProxy */;
		};
/* End PBXTargetDependency section */

/* Begin PBXVariantGroup section */
		57AC74301BBCA896003B18A4 /* Main.storyboard */ = {
			isa = PBXVariantGroup;
			children = (
				57AC74311BBCA896003B18A4 /* Base */,
			);
			name = Main.storyboard;
			sourceTree = "<group>";
		};
		57AC74351BBCA896003B18A4 /* LaunchScreen.xib */ = {
			isa = PBXVariantGroup;
			children = (
				57AC74361BBCA896003B18A4 /* Base */,
			);
			name = LaunchScreen.xib;
			sourceTree = "<group>";
		};
/* End PBXVariantGroup section */

/* Begin XCBuildConfiguration section */
		57AC74441BBCA896003B18A4 /* Debug */ = {
			isa = XCBuildConfiguration;
			buildSettings = {
				ALWAYS_SEARCH_USER_PATHS = NO;
				CLANG_CXX_LANGUAGE_STANDARD = "gnu++0x";
				CLANG_CXX_LIBRARY = "libc++";
				CLANG_ENABLE_MODULES = YES;
				CLANG_ENABLE_OBJC_ARC = YES;
				CLANG_WARN_BOOL_CONVERSION = YES;
				CLANG_WARN_CONSTANT_CONVERSION = YES;
				CLANG_WARN_DIRECT_OBJC_ISA_USAGE = YES_ERROR;
				CLANG_WARN_EMPTY_BODY = YES;
				CLANG_WARN_ENUM_CONVERSION = YES;
				CLANG_WARN_INT_CONVERSION = YES;
				CLANG_WARN_OBJC_ROOT_CLASS = YES_ERROR;
				CLANG_WARN_UNREACHABLE_CODE = YES;
				CLANG_WARN__DUPLICATE_METHOD_MATCH = YES;
				"CODE_SIGN_IDENTITY[sdk=iphoneos*]" = "iPhone Developer";
				COPY_PHASE_STRIP = NO;
				DEBUG_INFORMATION_FORMAT = "dwarf-with-dsym";
				ENABLE_STRICT_OBJC_MSGSEND = YES;
				GCC_C_LANGUAGE_STANDARD = gnu99;
				GCC_DYNAMIC_NO_PIC = NO;
				GCC_NO_COMMON_BLOCKS = YES;
				GCC_OPTIMIZATION_LEVEL = 0;
				GCC_PREPROCESSOR_DEFINITIONS = (
					"DEBUG=1",
					"$(inherited)",
				);
				GCC_SYMBOLS_PRIVATE_EXTERN = NO;
				GCC_WARN_64_TO_32_BIT_CONVERSION = YES;
				GCC_WARN_ABOUT_RETURN_TYPE = YES_ERROR;
				GCC_WARN_UNDECLARED_SELECTOR = YES;
				GCC_WARN_UNINITIALIZED_AUTOS = YES_AGGRESSIVE;
				GCC_WARN_UNUSED_FUNCTION = YES;
				GCC_WARN_UNUSED_VARIABLE = YES;
				IPHONEOS_DEPLOYMENT_TARGET = 8.4;
				MTL_ENABLE_DEBUG_INFO = YES;
				ONLY_ACTIVE_ARCH = YES;
				SDKROOT = iphoneos;
				SWIFT_OPTIMIZATION_LEVEL = "-Onone";
				TARGETED_DEVICE_FAMILY = "1,2";
			};
			name = Debug;
		};
		57AC74451BBCA896003B18A4 /* Release */ = {
			isa = XCBuildConfiguration;
			buildSettings = {
				ALWAYS_SEARCH_USER_PATHS = NO;
				CLANG_CXX_LANGUAGE_STANDARD = "gnu++0x";
				CLANG_CXX_LIBRARY = "libc++";
				CLANG_ENABLE_MODULES = YES;
				CLANG_ENABLE_OBJC_ARC = YES;
				CLANG_WARN_BOOL_CONVERSION = YES;
				CLANG_WARN_CONSTANT_CONVERSION = YES;
				CLANG_WARN_DIRECT_OBJC_ISA_USAGE = YES_ERROR;
				CLANG_WARN_EMPTY_BODY = YES;
				CLANG_WARN_ENUM_CONVERSION = YES;
				CLANG_WARN_INT_CONVERSION = YES;
				CLANG_WARN_OBJC_ROOT_CLASS = YES_ERROR;
				CLANG_WARN_UNREACHABLE_CODE = YES;
				CLANG_WARN__DUPLICATE_METHOD_MATCH = YES;
				"CODE_SIGN_IDENTITY[sdk=iphoneos*]" = "iPhone Developer";
				COPY_PHASE_STRIP = NO;
				DEBUG_INFORMATION_FORMAT = "dwarf-with-dsym";
				ENABLE_NS_ASSERTIONS = NO;
				ENABLE_STRICT_OBJC_MSGSEND = YES;
				GCC_C_LANGUAGE_STANDARD = gnu99;
				GCC_NO_COMMON_BLOCKS = YES;
				GCC_WARN_64_TO_32_BIT_CONVERSION = YES;
				GCC_WARN_ABOUT_RETURN_TYPE = YES_ERROR;
				GCC_WARN_UNDECLARED_SELECTOR = YES;
				GCC_WARN_UNINITIALIZED_AUTOS = YES_AGGRESSIVE;
				GCC_WARN_UNUSED_FUNCTION = YES;
				GCC_WARN_UNUSED_VARIABLE = YES;
				IPHONEOS_DEPLOYMENT_TARGET = 8.4;
				MTL_ENABLE_DEBUG_INFO = NO;
				SDKROOT = iphoneos;
				TARGETED_DEVICE_FAMILY = "1,2";
				VALIDATE_PRODUCT = YES;
			};
			name = Release;
		};
		57AC74471BBCA896003B18A4 /* Debug */ = {
			isa = XCBuildConfiguration;
			buildSettings = {
				ASSETCATALOG_COMPILER_APPICON_NAME = AppIcon;
				INFOPLIST_FILE = NavControlDemo2/Info.plist;
				LD_RUNPATH_SEARCH_PATHS = "$(inherited) @executable_path/Frameworks";
				PRODUCT_NAME = "$(TARGET_NAME)";
			};
			name = Debug;
		};
		57AC74481BBCA896003B18A4 /* Release */ = {
			isa = XCBuildConfiguration;
			buildSettings = {
				ASSETCATALOG_COMPILER_APPICON_NAME = AppIcon;
				INFOPLIST_FILE = NavControlDemo2/Info.plist;
				LD_RUNPATH_SEARCH_PATHS = "$(inherited) @executable_path/Frameworks";
				PRODUCT_NAME = "$(TARGET_NAME)";
			};
			name = Release;
		};
		57AC744A1BBCA896003B18A4 /* Debug */ = {
			isa = XCBuildConfiguration;
			buildSettings = {
				BUNDLE_LOADER = "$(TEST_HOST)";
				FRAMEWORK_SEARCH_PATHS = (
					"$(SDKROOT)/Developer/Library/Frameworks",
					"$(inherited)",
				);
				GCC_PREPROCESSOR_DEFINITIONS = (
					"DEBUG=1",
					"$(inherited)",
				);
				INFOPLIST_FILE = NavControlDemo2Tests/Info.plist;
				LD_RUNPATH_SEARCH_PATHS = "$(inherited) @executable_path/Frameworks @loader_path/Frameworks";
				PRODUCT_NAME = "$(TARGET_NAME)";
				TEST_HOST = "$(BUILT_PRODUCTS_DIR)/NavControlDemo2.app/NavControlDemo2";
			};
			name = Debug;
		};
		57AC744B1BBCA896003B18A4 /* Release */ = {
			isa = XCBuildConfiguration;
			buildSettings = {
				BUNDLE_LOADER = "$(TEST_HOST)";
				FRAMEWORK_SEARCH_PATHS = (
					"$(SDKROOT)/Developer/Library/Frameworks",
					"$(inherited)",
				);
				INFOPLIST_FILE = NavControlDemo2Tests/Info.plist;
				LD_RUNPATH_SEARCH_PATHS = "$(inherited) @executable_path/Frameworks @loader_path/Frameworks";
				PRODUCT_NAME = "$(TARGET_NAME)";
				TEST_HOST = "$(BUILT_PRODUCTS_DIR)/NavControlDemo2.app/NavControlDemo2";
			};
			name = Release;
		};
/* End XCBuildConfiguration section */

/* Begin XCConfigurationList section */
		57AC74221BBCA896003B18A4 /* Build configuration list for PBXProject "NavControlDemo2" */ = {
			isa = XCConfigurationList;
			buildConfigurations = (
				57AC74441BBCA896003B18A4 /* Debug */,
				57AC74451BBCA896003B18A4 /* Release */,
			);
			defaultConfigurationIsVisible = 0;
			defaultConfigurationName = Release;
		};
		57AC74461BBCA896003B18A4 /* Build configuration list for PBXNativeTarget "NavControlDemo2" */ = {
			isa = XCConfigurationList;
			buildConfigurations = (
				57AC74471BBCA896003B18A4 /* Debug */,
				57AC74481BBCA896003B18A4 /* Release */,
			);
			defaultConfigurationIsVisible = 0;
		};
		57AC74491BBCA896003B18A4 /* Build configuration list for PBXNativeTarget "NavControlDemo2Tests" */ = {
			isa = XCConfigurationList;
			buildConfigurations = (
				57AC744A1BBCA896003B18A4 /* Debug */,
				57AC744B1BBCA896003B18A4 /* Release */,
			);
			defaultConfigurationIsVisible = 0;
		};
/* End XCConfigurationList section */
	};
	rootObject = 57AC741F1BBCA896003B18A4 /* Project object */;
}
