// !$*UTF8*$!
{
	archiveVersion = 1;
	classes = {
	};
	objectVersion = 46;
	objects = {

/* Begin PBXBuildFile section */
		575D46601BD5BA480063DBCE /* AppDelegate.swift in Sources */ = {isa = PBXBuildFile; fileRef = 575D465F1BD5BA480063DBCE /* AppDelegate.swift */; };
		575D46621BD5BA480063DBCE /* ViewController.swift in Sources */ = {isa = PBXBuildFile; fileRef = 575D46611BD5BA480063DBCE /* ViewController.swift */; };
		575D46651BD5BA480063DBCE /* Main.storyboard in Resources */ = {isa = PBXBuildFile; fileRef = 575D46631BD5BA480063DBCE /* Main.storyboard */; };
		575D46671BD5BA480063DBCE /* Assets.xcassets in Resources */ = {isa = PBXBuildFile; fileRef = 575D46661BD5BA480063DBCE /* Assets.xcassets */; };
		575D466A1BD5BA480063DBCE /* LaunchScreen.storyboard in Resources */ = {isa = PBXBuildFile; fileRef = 575D46681BD5BA480063DBCE /* LaunchScreen.storyboard */; };
/* End PBXBuildFile section */

/* Begin PBXFileReference section */
		575D465C1BD5BA480063DBCE /* tripBuilderv1.app */ = {isa = PBXFileReference; explicitFileType = wrapper.application; includeInIndex = 0; path = tripBuilderv1.app; sourceTree = BUILT_PRODUCTS_DIR; };
		575D465F1BD5BA480063DBCE /* AppDelegate.swift */ = {isa = PBXFileReference; lastKnownFileType = sourcecode.swift; path = AppDelegate.swift; sourceTree = "<group>"; };
		575D46611BD5BA480063DBCE /* ViewController.swift */ = {isa = PBXFileReference; lastKnownFileType = sourcecode.swift; path = ViewController.swift; sourceTree = "<group>"; };
		575D46641BD5BA480063DBCE /* Base */ = {isa = PBXFileReference; lastKnownFileType = file.storyboard; name = Base; path = Base.lproj/Main.storyboard; sourceTree = "<group>"; };
		575D46661BD5BA480063DBCE /* Assets.xcassets */ = {isa = PBXFileReference; lastKnownFileType = folder.assetcatalog; path = Assets.xcassets; sourceTree = "<group>"; };
		575D46691BD5BA480063DBCE /* Base */ = {isa = PBXFileReference; lastKnownFileType = file.storyboard; name = Base; path = Base.lproj/LaunchScreen.storyboard; sourceTree = "<group>"; };
		575D466B1BD5BA480063DBCE /* Info.plist */ = {isa = PBXFileReference; lastKnownFileType = text.plist.xml; path = Info.plist; sourceTree = "<group>"; };
/* End PBXFileReference section */

/* Begin PBXFrameworksBuildPhase section */
		575D46591BD5BA480063DBCE /* Frameworks */ = {
			isa = PBXFrameworksBuildPhase;
			buildActionMask = 2147483647;
			files = (
			);
			runOnlyForDeploymentPostprocessing = 0;
		};
/* End PBXFrameworksBuildPhase section */

/* Begin PBXGroup section */
		575D46531BD5BA480063DBCE = {
			isa = PBXGroup;
			children = (
				575D465E1BD5BA480063DBCE /* tripBuilderv1 */,
				575D465D1BD5BA480063DBCE /* Products */,
			);
			sourceTree = "<group>";
		};
		575D465D1BD5BA480063DBCE /* Products */ = {
			isa = PBXGroup;
			children = (
				575D465C1BD5BA480063DBCE /* tripBuilderv1.app */,
			);
			name = Products;
			sourceTree = "<group>";
		};
		575D465E1BD5BA480063DBCE /* tripBuilderv1 */ = {
			isa = PBXGroup;
			children = (
				575D465F1BD5BA480063DBCE /* AppDelegate.swift */,
				575D46611BD5BA480063DBCE /* ViewController.swift */,
				575D46631BD5BA480063DBCE /* Main.storyboard */,
				575D46661BD5BA480063DBCE /* Assets.xcassets */,
				575D46681BD5BA480063DBCE /* LaunchScreen.storyboard */,
				575D466B1BD5BA480063DBCE /* Info.plist */,
			);
			path = tripBuilderv1;
			sourceTree = "<group>";
		};
/* End PBXGroup section */

/* Begin PBXNativeTarget section */
		575D465B1BD5BA480063DBCE /* tripBuilderv1 */ = {
			isa = PBXNativeTarget;
			buildConfigurationList = 575D466E1BD5BA480063DBCE /* Build configuration list for PBXNativeTarget "tripBuilderv1" */;
			buildPhases = (
				575D46581BD5BA480063DBCE /* Sources */,
				575D46591BD5BA480063DBCE /* Frameworks */,
				575D465A1BD5BA480063DBCE /* Resources */,
			);
			buildRules = (
			);
			dependencies = (
			);
			name = tripBuilderv1;
			productName = tripBuilderv1;
			productReference = 575D465C1BD5BA480063DBCE /* tripBuilderv1.app */;
			productType = "com.apple.product-type.application";
		};
/* End PBXNativeTarget section */

/* Begin PBXProject section */
		575D46541BD5BA480063DBCE /* Project object */ = {
			isa = PBXProject;
			attributes = {
				LastUpgradeCheck = 0700;
				ORGANIZATIONNAME = "Cobo, Javier";
				TargetAttributes = {
					575D465B1BD5BA480063DBCE = {
						CreatedOnToolsVersion = 7.0.1;
						DevelopmentTeam = 2LR357K25N;
					};
				};
			};
			buildConfigurationList = 575D46571BD5BA480063DBCE /* Build configuration list for PBXProject "tripBuilderv1" */;
			compatibilityVersion = "Xcode 3.2";
			developmentRegion = English;
			hasScannedForEncodings = 0;
			knownRegions = (
				en,
				Base,
			);
			mainGroup = 575D46531BD5BA480063DBCE;
			productRefGroup = 575D465D1BD5BA480063DBCE /* Products */;
			projectDirPath = "";
			projectRoot = "";
			targets = (
				575D465B1BD5BA480063DBCE /* tripBuilderv1 */,
			);
		};
/* End PBXProject section */

/* Begin PBXResourcesBuildPhase section */
		575D465A1BD5BA480063DBCE /* Resources */ = {
			isa = PBXResourcesBuildPhase;
			buildActionMask = 2147483647;
			files = (
				575D466A1BD5BA480063DBCE /* LaunchScreen.storyboard in Resources */,
				575D46671BD5BA480063DBCE /* Assets.xcassets in Resources */,
				575D46651BD5BA480063DBCE /* Main.storyboard in Resources */,
			);
			runOnlyForDeploymentPostprocessing = 0;
		};
/* End PBXResourcesBuildPhase section */

/* Begin PBXSourcesBuildPhase section */
		575D46581BD5BA480063DBCE /* Sources */ = {
			isa = PBXSourcesBuildPhase;
			buildActionMask = 2147483647;
			files = (
				575D46621BD5BA480063DBCE /* ViewController.swift in Sources */,
				575D46601BD5BA480063DBCE /* AppDelegate.swift in Sources */,
			);
			runOnlyForDeploymentPostprocessing = 0;
		};
/* End PBXSourcesBuildPhase section */

/* Begin PBXVariantGroup section */
		575D46631BD5BA480063DBCE /* Main.storyboard */ = {
			isa = PBXVariantGroup;
			children = (
				575D46641BD5BA480063DBCE /* Base */,
			);
			name = Main.storyboard;
			sourceTree = "<group>";
		};
		575D46681BD5BA480063DBCE /* LaunchScreen.storyboard */ = {
			isa = PBXVariantGroup;
			children = (
				575D46691BD5BA480063DBCE /* Base */,
			);
			name = LaunchScreen.storyboard;
			sourceTree = "<group>";
		};
/* End PBXVariantGroup section */

/* Begin XCBuildConfiguration section */
		575D466C1BD5BA480063DBCE /* Debug */ = {
			isa = XCBuildConfiguration;
			buildSettings = {
				ALWAYS_SEARCH_USER_PATHS = NO;
				CLANG_CXX_LANGUAGE_STANDARD = "gnu++0x";
				CLANG_CXX_LIBRARY = "libc++";
				CLANG_ENABLE_MODULES = YES;
				CLANG_ENABLE_OBJC_ARC = YES;
				CLANG_WARN_BOOL_CONVERSION = YES;
				CLANG_WARN_CONSTANT_CONVERSION = YES;
				CLANG_WARN_DIRECT_OBJC_ISA_USAGE = YES_ERROR;
				CLANG_WARN_EMPTY_BODY = YES;
				CLANG_WARN_ENUM_CONVERSION = YES;
				CLANG_WARN_INT_CONVERSION = YES;
				CLANG_WARN_OBJC_ROOT_CLASS = YES_ERROR;
				CLANG_WARN_UNREACHABLE_CODE = YES;
				CLANG_WARN__DUPLICATE_METHOD_MATCH = YES;
				"CODE_SIGN_IDENTITY[sdk=iphoneos*]" = "iPhone Developer";
				COPY_PHASE_STRIP = NO;
				DEBUG_INFORMATION_FORMAT = dwarf;
				ENABLE_STRICT_OBJC_MSGSEND = YES;
				ENABLE_TESTABILITY = YES;
				GCC_C_LANGUAGE_STANDARD = gnu99;
				GCC_DYNAMIC_NO_PIC = NO;
				GCC_NO_COMMON_BLOCKS = YES;
				GCC_OPTIMIZATION_LEVEL = 0;
				GCC_PREPROCESSOR_DEFINITIONS = (
					"DEBUG=1",
					"$(inherited)",
				);
				GCC_WARN_64_TO_32_BIT_CONVERSION = YES;
				GCC_WARN_ABOUT_RETURN_TYPE = YES_ERROR;
				GCC_WARN_UNDECLARED_SELECTOR = YES;
				GCC_WARN_UNINITIALIZED_AUTOS = YES_AGGRESSIVE;
				GCC_WARN_UNUSED_FUNCTION = YES;
				GCC_WARN_UNUSED_VARIABLE = YES;
				IPHONEOS_DEPLOYMENT_TARGET = 9.0;
				MTL_ENABLE_DEBUG_INFO = YES;
				ONLY_ACTIVE_ARCH = YES;
				SDKROOT = iphoneos;
				SWIFT_OPTIMIZATION_LEVEL = "-Onone";
				TARGETED_DEVICE_FAMILY = "1,2";
			};
			name = Debug;
		};
		575D466D1BD5BA480063DBCE /* Release */ = {
			isa = XCBuildConfiguration;
			buildSettings = {
				ALWAYS_SEARCH_USER_PATHS = NO;
				CLANG_CXX_LANGUAGE_STANDARD = "gnu++0x";
				CLANG_CXX_LIBRARY = "libc++";
				CLANG_ENABLE_MODULES = YES;
				CLANG_ENABLE_OBJC_ARC = YES;
				CLANG_WARN_BOOL_CONVERSION = YES;
				CLANG_WARN_CONSTANT_CONVERSION = YES;
				CLANG_WARN_DIRECT_OBJC_ISA_USAGE = YES_ERROR;
				CLANG_WARN_EMPTY_BODY = YES;
				CLANG_WARN_ENUM_CONVERSION = YES;
				CLANG_WARN_INT_CONVERSION = YES;
				CLANG_WARN_OBJC_ROOT_CLASS = YES_ERROR;
				CLANG_WARN_UNREACHABLE_CODE = YES;
				CLANG_WARN__DUPLICATE_METHOD_MATCH = YES;
				"CODE_SIGN_IDENTITY[sdk=iphoneos*]" = "iPhone Developer";
				COPY_PHASE_STRIP = NO;
				DEBUG_INFORMATION_FORMAT = "dwarf-with-dsym";
				ENABLE_NS_ASSERTIONS = NO;
				ENABLE_STRICT_OBJC_MSGSEND = YES;
				GCC_C_LANGUAGE_STANDARD = gnu99;
				GCC_NO_COMMON_BLOCKS = YES;
				GCC_WARN_64_TO_32_BIT_CONVERSION = YES;
				GCC_WARN_ABOUT_RETURN_TYPE = YES_ERROR;
				GCC_WARN_UNDECLARED_SELECTOR = YES;
				GCC_WARN_UNINITIALIZED_AUTOS = YES_AGGRESSIVE;
				GCC_WARN_UNUSED_FUNCTION = YES;
				GCC_WARN_UNUSED_VARIABLE = YES;
				IPHONEOS_DEPLOYMENT_TARGET = 9.0;
				MTL_ENABLE_DEBUG_INFO = NO;
				SDKROOT = iphoneos;
				TARGETED_DEVICE_FAMILY = "1,2";
				VALIDATE_PRODUCT = YES;
			};
			name = Release;
		};
		575D466F1BD5BA480063DBCE /* Debug */ = {
			isa = XCBuildConfiguration;
			buildSettings = {
				ASSETCATALOG_COMPILER_APPICON_NAME = AppIcon;
				INFOPLIST_FILE = tripBuilderv1/Info.plist;
				LD_RUNPATH_SEARCH_PATHS = "$(inherited) @executable_path/Frameworks";
				PRODUCT_BUNDLE_IDENTIFIER = com.cofrewards.tripBuilderv1;
				PRODUCT_NAME = "$(TARGET_NAME)";
			};
			name = Debug;
		};
		575D46701BD5BA480063DBCE /* Release */ = {
			isa = XCBuildConfiguration;
			buildSettings = {
				ASSETCATALOG_COMPILER_APPICON_NAME = AppIcon;
				INFOPLIST_FILE = tripBuilderv1/Info.plist;
				LD_RUNPATH_SEARCH_PATHS = "$(inherited) @executable_path/Frameworks";
				PRODUCT_BUNDLE_IDENTIFIER = com.cofrewards.tripBuilderv1;
				PRODUCT_NAME = "$(TARGET_NAME)";
			};
			name = Release;
		};
/* End XCBuildConfiguration section */

/* Begin XCConfigurationList section */
		575D46571BD5BA480063DBCE /* Build configuration list for PBXProject "tripBuilderv1" */ = {
			isa = XCConfigurationList;
			buildConfigurations = (
				575D466C1BD5BA480063DBCE /* Debug */,
				575D466D1BD5BA480063DBCE /* Release */,
			);
			defaultConfigurationIsVisible = 0;
			defaultConfigurationName = Release;
		};
		575D466E1BD5BA480063DBCE /* Build configuration list for PBXNativeTarget "tripBuilderv1" */ = {
			isa = XCConfigurationList;
			buildConfigurations = (
				575D466F1BD5BA480063DBCE /* Debug */,
				575D46701BD5BA480063DBCE /* Release */,
			);
			defaultConfigurationIsVisible = 0;
		};
/* End XCConfigurationList section */
	};
	rootObject = 575D46541BD5BA480063DBCE /* Project object */;
}
