// !$*UTF8*$!
{
	archiveVersion = 1;
	classes = {
	};
	objectVersion = 46;
	objects = {

/* Begin PBXBuildFile section */
		575D46421BD5B3140063DBCE /* AppDelegate.swift in Sources */ = {isa = PBXBuildFile; fileRef = 575D46411BD5B3140063DBCE /* AppDelegate.swift */; };
		575D46441BD5B3140063DBCE /* ViewController.swift in Sources */ = {isa = PBXBuildFile; fileRef = 575D46431BD5B3140063DBCE /* ViewController.swift */; };
		575D46471BD5B3140063DBCE /* Main.storyboard in Resources */ = {isa = PBXBuildFile; fileRef = 575D46451BD5B3140063DBCE /* Main.storyboard */; };
		575D46491BD5B3140063DBCE /* Assets.xcassets in Resources */ = {isa = PBXBuildFile; fileRef = 575D46481BD5B3140063DBCE /* Assets.xcassets */; };
		575D464C1BD5B3140063DBCE /* LaunchScreen.storyboard in Resources */ = {isa = PBXBuildFile; fileRef = 575D464A1BD5B3140063DBCE /* LaunchScreen.storyboard */; };
		575D46721BD5BC340063DBCE /* viewController2.swift in Sources */ = {isa = PBXBuildFile; fileRef = 575D46711BD5BC340063DBCE /* viewController2.swift */; settings = {ASSET_TAGS = (); }; };
		575D46741BD5BE3D0063DBCE /* ViewController3.swift in Sources */ = {isa = PBXBuildFile; fileRef = 575D46731BD5BE3D0063DBCE /* ViewController3.swift */; settings = {ASSET_TAGS = (); }; };
/* End PBXBuildFile section */

/* Begin PBXFileReference section */
		575D463E1BD5B3140063DBCE /* lesson07.app */ = {isa = PBXFileReference; explicitFileType = wrapper.application; includeInIndex = 0; path = lesson07.app; sourceTree = BUILT_PRODUCTS_DIR; };
		575D46411BD5B3140063DBCE /* AppDelegate.swift */ = {isa = PBXFileReference; lastKnownFileType = sourcecode.swift; path = AppDelegate.swift; sourceTree = "<group>"; };
		575D46431BD5B3140063DBCE /* ViewController.swift */ = {isa = PBXFileReference; lastKnownFileType = sourcecode.swift; path = ViewController.swift; sourceTree = "<group>"; };
		575D46461BD5B3140063DBCE /* Base */ = {isa = PBXFileReference; lastKnownFileType = file.storyboard; name = Base; path = Base.lproj/Main.storyboard; sourceTree = "<group>"; };
		575D46481BD5B3140063DBCE /* Assets.xcassets */ = {isa = PBXFileReference; lastKnownFileType = folder.assetcatalog; path = Assets.xcassets; sourceTree = "<group>"; };
		575D464B1BD5B3140063DBCE /* Base */ = {isa = PBXFileReference; lastKnownFileType = file.storyboard; name = Base; path = Base.lproj/LaunchScreen.storyboard; sourceTree = "<group>"; };
		575D464D1BD5B3140063DBCE /* Info.plist */ = {isa = PBXFileReference; lastKnownFileType = text.plist.xml; path = Info.plist; sourceTree = "<group>"; };
		575D46711BD5BC340063DBCE /* viewController2.swift */ = {isa = PBXFileReference; fileEncoding = 4; lastKnownFileType = sourcecode.swift; path = viewController2.swift; sourceTree = "<group>"; };
		575D46731BD5BE3D0063DBCE /* ViewController3.swift */ = {isa = PBXFileReference; fileEncoding = 4; lastKnownFileType = sourcecode.swift; path = ViewController3.swift; sourceTree = "<group>"; };
/* End PBXFileReference section */

/* Begin PBXFrameworksBuildPhase section */
		575D463B1BD5B3140063DBCE /* Frameworks */ = {
			isa = PBXFrameworksBuildPhase;
			buildActionMask = 2147483647;
			files = (
			);
			runOnlyForDeploymentPostprocessing = 0;
		};
/* End PBXFrameworksBuildPhase section */

/* Begin PBXGroup section */
		575D46351BD5B3140063DBCE = {
			isa = PBXGroup;
			children = (
				575D46401BD5B3140063DBCE /* lesson07 */,
				575D463F1BD5B3140063DBCE /* Products */,
			);
			sourceTree = "<group>";
		};
		575D463F1BD5B3140063DBCE /* Products */ = {
			isa = PBXGroup;
			children = (
				575D463E1BD5B3140063DBCE /* lesson07.app */,
			);
			name = Products;
			sourceTree = "<group>";
		};
		575D46401BD5B3140063DBCE /* lesson07 */ = {
			isa = PBXGroup;
			children = (
				575D46411BD5B3140063DBCE /* AppDelegate.swift */,
				575D46431BD5B3140063DBCE /* ViewController.swift */,
				575D46451BD5B3140063DBCE /* Main.storyboard */,
				575D46731BD5BE3D0063DBCE /* ViewController3.swift */,
				575D46711BD5BC340063DBCE /* viewController2.swift */,
				575D46481BD5B3140063DBCE /* Assets.xcassets */,
				575D464A1BD5B3140063DBCE /* LaunchScreen.storyboard */,
				575D464D1BD5B3140063DBCE /* Info.plist */,
			);
			path = lesson07;
			sourceTree = "<group>";
		};
/* End PBXGroup section */

/* Begin PBXNativeTarget section */
		575D463D1BD5B3140063DBCE /* lesson07 */ = {
			isa = PBXNativeTarget;
			buildConfigurationList = 575D46501BD5B3140063DBCE /* Build configuration list for PBXNativeTarget "lesson07" */;
			buildPhases = (
				575D463A1BD5B3140063DBCE /* Sources */,
				575D463B1BD5B3140063DBCE /* Frameworks */,
				575D463C1BD5B3140063DBCE /* Resources */,
			);
			buildRules = (
			);
			dependencies = (
			);
			name = lesson07;
			productName = lesson07;
			productReference = 575D463E1BD5B3140063DBCE /* lesson07.app */;
			productType = "com.apple.product-type.application";
		};
/* End PBXNativeTarget section */

/* Begin PBXProject section */
		575D46361BD5B3140063DBCE /* Project object */ = {
			isa = PBXProject;
			attributes = {
				LastUpgradeCheck = 0700;
				ORGANIZATIONNAME = "Cobo, Javier";
				TargetAttributes = {
					575D463D1BD5B3140063DBCE = {
						CreatedOnToolsVersion = 7.0.1;
						DevelopmentTeam = 2LR357K25N;
					};
				};
			};
			buildConfigurationList = 575D46391BD5B3140063DBCE /* Build configuration list for PBXProject "lesson07" */;
			compatibilityVersion = "Xcode 3.2";
			developmentRegion = English;
			hasScannedForEncodings = 0;
			knownRegions = (
				en,
				Base,
			);
			mainGroup = 575D46351BD5B3140063DBCE;
			productRefGroup = 575D463F1BD5B3140063DBCE /* Products */;
			projectDirPath = "";
			projectRoot = "";
			targets = (
				575D463D1BD5B3140063DBCE /* lesson07 */,
			);
		};
/* End PBXProject section */

/* Begin PBXResourcesBuildPhase section */
		575D463C1BD5B3140063DBCE /* Resources */ = {
			isa = PBXResourcesBuildPhase;
			buildActionMask = 2147483647;
			files = (
				575D464C1BD5B3140063DBCE /* LaunchScreen.storyboard in Resources */,
				575D46491BD5B3140063DBCE /* Assets.xcassets in Resources */,
				575D46471BD5B3140063DBCE /* Main.storyboard in Resources */,
			);
			runOnlyForDeploymentPostprocessing = 0;
		};
/* End PBXResourcesBuildPhase section */

/* Begin PBXSourcesBuildPhase section */
		575D463A1BD5B3140063DBCE /* Sources */ = {
			isa = PBXSourcesBuildPhase;
			buildActionMask = 2147483647;
			files = (
				575D46721BD5BC340063DBCE /* viewController2.swift in Sources */,
				575D46441BD5B3140063DBCE /* ViewController.swift in Sources */,
				575D46741BD5BE3D0063DBCE /* ViewController3.swift in Sources */,
				575D46421BD5B3140063DBCE /* AppDelegate.swift in Sources */,
			);
			runOnlyForDeploymentPostprocessing = 0;
		};
/* End PBXSourcesBuildPhase section */

/* Begin PBXVariantGroup section */
		575D46451BD5B3140063DBCE /* Main.storyboard */ = {
			isa = PBXVariantGroup;
			children = (
				575D46461BD5B3140063DBCE /* Base */,
			);
			name = Main.storyboard;
			sourceTree = "<group>";
		};
		575D464A1BD5B3140063DBCE /* LaunchScreen.storyboard */ = {
			isa = PBXVariantGroup;
			children = (
				575D464B1BD5B3140063DBCE /* Base */,
			);
			name = LaunchScreen.storyboard;
			sourceTree = "<group>";
		};
/* End PBXVariantGroup section */

/* Begin XCBuildConfiguration section */
		575D464E1BD5B3140063DBCE /* Debug */ = {
			isa = XCBuildConfiguration;
			buildSettings = {
				ALWAYS_SEARCH_USER_PATHS = NO;
				CLANG_CXX_LANGUAGE_STANDARD = "gnu++0x";
				CLANG_CXX_LIBRARY = "libc++";
				CLANG_ENABLE_MODULES = YES;
				CLANG_ENABLE_OBJC_ARC = YES;
				CLANG_WARN_BOOL_CONVERSION = YES;
				CLANG_WARN_CONSTANT_CONVERSION = YES;
				CLANG_WARN_DIRECT_OBJC_ISA_USAGE = YES_ERROR;
				CLANG_WARN_EMPTY_BODY = YES;
				CLANG_WARN_ENUM_CONVERSION = YES;
				CLANG_WARN_INT_CONVERSION = YES;
				CLANG_WARN_OBJC_ROOT_CLASS = YES_ERROR;
				CLANG_WARN_UNREACHABLE_CODE = YES;
				CLANG_WARN__DUPLICATE_METHOD_MATCH = YES;
				"CODE_SIGN_IDENTITY[sdk=iphoneos*]" = "iPhone Developer";
				COPY_PHASE_STRIP = NO;
				DEBUG_INFORMATION_FORMAT = dwarf;
				ENABLE_STRICT_OBJC_MSGSEND = YES;
				ENABLE_TESTABILITY = YES;
				GCC_C_LANGUAGE_STANDARD = gnu99;
				GCC_DYNAMIC_NO_PIC = NO;
				GCC_NO_COMMON_BLOCKS = YES;
				GCC_OPTIMIZATION_LEVEL = 0;
				GCC_PREPROCESSOR_DEFINITIONS = (
					"DEBUG=1",
					"$(inherited)",
				);
				GCC_WARN_64_TO_32_BIT_CONVERSION = YES;
				GCC_WARN_ABOUT_RETURN_TYPE = YES_ERROR;
				GCC_WARN_UNDECLARED_SELECTOR = YES;
				GCC_WARN_UNINITIALIZED_AUTOS = YES_AGGRESSIVE;
				GCC_WARN_UNUSED_FUNCTION = YES;
				GCC_WARN_UNUSED_VARIABLE = YES;
				IPHONEOS_DEPLOYMENT_TARGET = 9.0;
				MTL_ENABLE_DEBUG_INFO = YES;
				ONLY_ACTIVE_ARCH = YES;
				SDKROOT = iphoneos;
				SWIFT_OPTIMIZATION_LEVEL = "-Onone";
				TARGETED_DEVICE_FAMILY = "1,2";
			};
			name = Debug;
		};
		575D464F1BD5B3140063DBCE /* Release */ = {
			isa = XCBuildConfiguration;
			buildSettings = {
				ALWAYS_SEARCH_USER_PATHS = NO;
				CLANG_CXX_LANGUAGE_STANDARD = "gnu++0x";
				CLANG_CXX_LIBRARY = "libc++";
				CLANG_ENABLE_MODULES = YES;
				CLANG_ENABLE_OBJC_ARC = YES;
				CLANG_WARN_BOOL_CONVERSION = YES;
				CLANG_WARN_CONSTANT_CONVERSION = YES;
				CLANG_WARN_DIRECT_OBJC_ISA_USAGE = YES_ERROR;
				CLANG_WARN_EMPTY_BODY = YES;
				CLANG_WARN_ENUM_CONVERSION = YES;
				CLANG_WARN_INT_CONVERSION = YES;
				CLANG_WARN_OBJC_ROOT_CLASS = YES_ERROR;
				CLANG_WARN_UNREACHABLE_CODE = YES;
				CLANG_WARN__DUPLICATE_METHOD_MATCH = YES;
				"CODE_SIGN_IDENTITY[sdk=iphoneos*]" = "iPhone Developer";
				COPY_PHASE_STRIP = NO;
				DEBUG_INFORMATION_FORMAT = "dwarf-with-dsym";
				ENABLE_NS_ASSERTIONS = NO;
				ENABLE_STRICT_OBJC_MSGSEND = YES;
				GCC_C_LANGUAGE_STANDARD = gnu99;
				GCC_NO_COMMON_BLOCKS = YES;
				GCC_WARN_64_TO_32_BIT_CONVERSION = YES;
				GCC_WARN_ABOUT_RETURN_TYPE = YES_ERROR;
				GCC_WARN_UNDECLARED_SELECTOR = YES;
				GCC_WARN_UNINITIALIZED_AUTOS = YES_AGGRESSIVE;
				GCC_WARN_UNUSED_FUNCTION = YES;
				GCC_WARN_UNUSED_VARIABLE = YES;
				IPHONEOS_DEPLOYMENT_TARGET = 9.0;
				MTL_ENABLE_DEBUG_INFO = NO;
				SDKROOT = iphoneos;
				TARGETED_DEVICE_FAMILY = "1,2";
				VALIDATE_PRODUCT = YES;
			};
			name = Release;
		};
		575D46511BD5B3140063DBCE /* Debug */ = {
			isa = XCBuildConfiguration;
			buildSettings = {
				ASSETCATALOG_COMPILER_APPICON_NAME = AppIcon;
				INFOPLIST_FILE = lesson07/Info.plist;
				LD_RUNPATH_SEARCH_PATHS = "$(inherited) @executable_path/Frameworks";
				PRODUCT_BUNDLE_IDENTIFIER = com.cofrewards.lesson07;
				PRODUCT_NAME = "$(TARGET_NAME)";
			};
			name = Debug;
		};
		575D46521BD5B3140063DBCE /* Release */ = {
			isa = XCBuildConfiguration;
			buildSettings = {
				ASSETCATALOG_COMPILER_APPICON_NAME = AppIcon;
				INFOPLIST_FILE = lesson07/Info.plist;
				LD_RUNPATH_SEARCH_PATHS = "$(inherited) @executable_path/Frameworks";
				PRODUCT_BUNDLE_IDENTIFIER = com.cofrewards.lesson07;
				PRODUCT_NAME = "$(TARGET_NAME)";
			};
			name = Release;
		};
/* End XCBuildConfiguration section */

/* Begin XCConfigurationList section */
		575D46391BD5B3140063DBCE /* Build configuration list for PBXProject "lesson07" */ = {
			isa = XCConfigurationList;
			buildConfigurations = (
				575D464E1BD5B3140063DBCE /* Debug */,
				575D464F1BD5B3140063DBCE /* Release */,
			);
			defaultConfigurationIsVisible = 0;
			defaultConfigurationName = Release;
		};
		575D46501BD5B3140063DBCE /* Build configuration list for PBXNativeTarget "lesson07" */ = {
			isa = XCConfigurationList;
			buildConfigurations = (
				575D46511BD5B3140063DBCE /* Debug */,
				575D46521BD5B3140063DBCE /* Release */,
			);
			defaultConfigurationIsVisible = 0;
		};
/* End XCConfigurationList section */
	};
	rootObject = 575D46361BD5B3140063DBCE /* Project object */;
}
